{
  "name": "louisyanna",
  "version": "1.0.0",
  "lockfileVersion": 1,
  "requires": true,
  "dependencies": {
    "bootstrap": {
      "version": "4.3.1",
      "resolved": "https://registry.npmjs.org/bootstrap/-/bootstrap-4.3.1.tgz",
      "integrity": "sha512-rXqOmH1VilAt2DyPzluTi2blhk17bO7ef+zLLPlWvG494pDxcM234pJ8wTc/6R40UWizAIIMgxjvxZg5kmsbag=="
    },
    "image-map-resizer": {
      "version": "1.0.9",
      "resolved": "https://registry.npmjs.org/image-map-resizer/-/image-map-resizer-1.0.9.tgz",
      "integrity": "sha512-pZOevVlwiX9y7A4MelWydWqbZreX+exx4PsvPQc5JP2URlFaCEUsnuBJNpxMxmx9Cy0jTrgEqXzh1gm6SEcZQA=="
    },
    "jquery": {
      "version": "3.4.0",
      "resolved": "https://registry.npmjs.org/jquery/-/jquery-3.4.0.tgz",
      "integrity": "sha512-ggRCXln9zEqv6OqAGXFEcshF5dSBvCkzj6Gm2gzuR5fWawaX8t7cxKVkkygKODrDAzKdoYw3l/e3pm3vlT4IbQ=="
    }
  }
}
